lockfileVersion: '9.0'

settings:
  autoInstallPeers: true
  excludeLinksFromLockfile: false

importers:

  .:
    dependencies:
      '@queryn/manifest':
        specifier: file:../queryn-core/packages/manifest
        version: file:../queryn-core/packages/manifest
      '@queryn/plugin-sdk':
        specifier: file:../queryn-sdk
        version: link:../queryn-sdk
      '@queryn/project':
        specifier: file:../queryn-core/packages/project
        version: file:../queryn-core/packages/project
      '@queryn/types':
        specifier: file:../queryn-core/packages/types
        version: link:../queryn-core/packages/types
      '@queryn/validation':
        specifier: file:../queryn-core/packages/validation
        version: file:../queryn-core/packages/validation
    devDependencies:
      '@types/node':
        specifier: ^22.10.7
        version: 22.19.21
      typescript:
        specifier: ^5.7.3
        version: 5.9.3

  ../queryn-core/packages/manifest:
    dependencies:
      '@queryn/types':
        specifier: workspace:0.2.0
        version: link:../types

  ../queryn-core/packages/project:
    dependencies:
      '@queryn/manifest':
        specifier: workspace:0.2.0
        version: link:../manifest
      '@queryn/types':
        specifier: workspace:0.2.0
        version: link:../types
      '@queryn/validation':
        specifier: workspace:0.2.0
        version: link:../validation

  ../queryn-core/packages/types: {}

  ../queryn-core/packages/validation:
    dependencies:
      '@queryn/types':
        specifier: workspace:0.2.0
        version: link:../types

  ../queryn-sdk:
    devDependencies:
      '@types/node':
        specifier: ^22.10.7
        version: 22.19.21
      typescript:
        specifier: ^5.7.3
        version: 5.9.3

packages:

  '@queryn/manifest@file:../queryn-core/packages/manifest':
    resolution: {directory: ../queryn-core/packages/manifest, type: directory}

  '@queryn/project@file:../queryn-core/packages/project':
    resolution: {directory: ../queryn-core/packages/project, type: directory}

  '@queryn/validation@file:../queryn-core/packages/validation':
    resolution: {directory: ../queryn-core/packages/validation, type: directory}

  '@types/node@22.19.21':
    resolution: {integrity: sha512-VMeFBSCKQKmm2swI2kW51SFusDqekC6q9trBCvJ/JliDchFSuoYYKN7yVNjPthP1HKZcx3U1gI/wTcEBjEFKTA==}

  typescript@5.9.3:
    resolution: {integrity: sha512-jl1vZzPDinLr9eUt3J/t7V6FgNEw9QjvBPdysz9KfQDD41fQrC2Y4vKQdiaUpFT4bXlb1RHhLpp8wtm6M5TgSw==}
    engines: {node: '>=14.17'}
    hasBin: true

  undici-types@6.21.0:
    resolution: {integrity: sha512-iwDZqg0QAGrg9Rav5H4n0M64c3mkR59cJ6wQp+7C4nI0gsmExaedaYLNO44eT4AtBBwjbTiGPMlt2Md0T9H9JQ==}

snapshots:

  '@queryn/manifest@file:../queryn-core/packages/manifest':
    dependencies:
      '@queryn/types': link:../queryn-core/packages/types

  '@queryn/project@file:../queryn-core/packages/project':
    dependencies:
      '@queryn/manifest': link:../queryn-core/packages/manifest
      '@queryn/types': link:../queryn-core/packages/types
      '@queryn/validation': link:../queryn-core/packages/validation

  '@queryn/validation@file:../queryn-core/packages/validation':
    dependencies:
      '@queryn/types': link:../queryn-core/packages/types

  '@types/node@22.19.21':
    dependencies:
      undici-types: 6.21.0

  typescript@5.9.3: {}

  undici-types@6.21.0: {}
